
Microsoft Visual Studio Solution File, Format Version 12.00
# Visual Studio Version 17
VisualStudioVersion = 17.3.32825.248
MinimumVisualStudioVersion = 10.0.40219.1
Project("{FAE04EC0-301F-11D3-BF4B-00C04F79EFBC}") = "OverwatchServerSelector", "OverwatchServerSelector\OverwatchServerSelector.csproj", "{412CB76A-6447-4B5B-B7A9-3C57BAC105F6}"
EndProject
Global
	GlobalSection(SolutionConfigurationPlatforms) = preSolution
		Debug|Any CPU = Debug|Any CPU
		Release|Any CPU = Release|Any CPU
	EndGlobalSection
	GlobalSection(ProjectConfigurationPlatforms) = postSolution
		{412CB76A-6447-4B5B-B7A9-3C57BAC105F6}.Debug|Any CPU.ActiveCfg = Debug|Any CPU
		{412CB76A-6447-4B5B-B7A9-3C57BAC105F6}.Debug|Any CPU.Build.0 = Debug|Any CPU
		{412CB76A-6447-4B5B-B7A9-3C57BAC105F6}.Release|Any CPU.ActiveCfg = Release|Any CPU
		{412CB76A-6447-4B5B-B7A9-3C57BAC105F6}.Release|Any CPU.Build.0 = Release|Any CPU
	EndGlobalSection
	GlobalSection(SolutionProperties) = preSolution
		HideSolutionNode = FALSE
	EndGlobalSection
	GlobalSection(ExtensibilityGlobals) = postSolution
		SolutionGuid = {B2FB2942-9516-4ACD-A12A-54F91B54D9DF}
	EndGlobalSection
EndGlobal
